{
    "name": "cmd-palette",
    "version": "1.0.0",
    "lockfileVersion": 3,
    "requires": true,
    "packages": {
        "": {
            "name": "cmd-palette",
            "version": "1.0.0",
            "license": "MIT",
            "dependencies": {
                "@quenty/basicpane": "^7.15.0",
                "@quenty/blend": "^6.21.1",
                "@quenty/brio": "^8.15.0",
                "@quenty/fzy": "^1.4.1",
                "@quenty/loader": "^6.0.0",
                "@quenty/observablecollection": "^5.20.0",
                "@quenty/roblox-api-dump": "^4.7.0",
                "@quenty/servicebag": "^6.0.0",
                "@quenty/signal": "^2.4.0"
            }
        },
        "node_modules/@quenty/acceltween": {
            "version": "2.2.1",
            "resolved": "https://registry.npmjs.org/@quenty/acceltween/-/acceltween-2.2.1.tgz",
            "integrity": "sha512-6D9ga9q5XQvx05sPppooHnWuhj9nEp4dWcVPE5bST3iqFi4sDSfCg5Ya00Yvuv+69yu7c7uK08f7Z8yksYbr9A==",
            "funding": {
                "type": "patreon",
                "url": "https://www.patreon.com/quenty"
            }
        },
        "node_modules/@quenty/baseobject": {
            "version": "6.2.1",
            "resolved": "https://registry.npmjs.org/@quenty/baseobject/-/baseobject-6.2.1.tgz",
            "integrity": "sha512-dXb+63QQBpOQJnvu/1o6ICCK0dFcMeg+sMRiJqOirUUWcpfEDKpqJKh8/8BsPX5khe4Q7TTc/DWEh2OfUe70/Q==",
            "dependencies": {
                "@quenty/loader": "^6.2.1",
                "@quenty/maid": "^2.5.0"
            },
            "funding": {
                "type": "patreon",
                "url": "https://www.patreon.com/quenty"
            }
        },
        "node_modules/@quenty/basicpane": {
            "version": "7.16.0",
            "resolved": "https://registry.npmjs.org/@quenty/basicpane/-/basicpane-7.16.0.tgz",
            "integrity": "sha512-jep7XLeAoPS8hXqN6ySqLikMAS77TWnJnJ8l2SM3FPCIQ7C/2PTjh5lVIZkq/sTmCs9JVKuLbSdeWeqHWDH8+A==",
            "dependencies": {
                "@quenty/brio": "^8.15.0",
                "@quenty/loader": "^6.2.1",
                "@quenty/maid": "^2.5.0",
                "@quenty/rx": "^7.13.0",
                "@quenty/signal": "^2.4.0"
            },
            "funding": {
                "type": "patreon",
                "url": "https://www.patreon.com/quenty"
            }
        },
        "node_modules/@quenty/blend": {
            "version": "6.22.0",
            "resolved": "https://registry.npmjs.org/@quenty/blend/-/blend-6.22.0.tgz",
            "integrity": "sha512-7jPt+A7N1yXIkPsCYZ5Ec2g8Fp6efSVipBS8v+SZY1vDNddF0MhXUub+nT+2M9KAu5QvJPQaPqC2JYuK+ePrcA==",
            "dependencies": {
                "@quenty/acceltween": "^2.2.1",
                "@quenty/brio": "^8.15.0",
                "@quenty/instanceutils": "^7.17.0",
                "@quenty/loader": "^6.2.1",
                "@quenty/maid": "^2.5.0",
                "@quenty/promise": "^6.6.0",
                "@quenty/rx": "^7.13.0",
                "@quenty/signal": "^2.4.0",
                "@quenty/spring": "^6.3.0",
                "@quenty/steputils": "^3.2.0",
                "@quenty/string": "^3.1.0",
                "@quenty/valuebaseutils": "^7.17.0",
                "@quenty/valueobject": "^7.18.0"
            },
            "funding": {
                "type": "patreon",
                "url": "https://www.patreon.com/quenty"
            }
        },
        "node_modules/@quenty/brio": {
            "version": "8.15.0",
            "resolved": "https://registry.npmjs.org/@quenty/brio/-/brio-8.15.0.tgz",
            "integrity": "sha512-yOMAGfES65UN3I0u8lvR5JWxY3XyvsG2997KdkR2UY7++LRPA4DavP9PS70T9vTRiYjNeeVsJ21L01ivfVx34g==",
            "dependencies": {
                "@quenty/loader": "^6.2.1",
                "@quenty/maid": "^2.5.0",
                "@quenty/rx": "^7.13.0"
            },
            "funding": {
                "type": "patreon",
                "url": "https://www.patreon.com/quenty"
            }
        },
        "node_modules/@quenty/cancellabledelay": {
            "version": "3.4.0",
            "resolved": "https://registry.npmjs.org/@quenty/cancellabledelay/-/cancellabledelay-3.4.0.tgz",
            "integrity": "sha512-rDznDAhRVejUWXTXn/kdz+OqNNMdI4ZhWWrqFofmbl1Vtf28H52YM7H8yKzI/gzMACZzIjbyTzgYAzdxnVyhQQ==",
            "funding": {
                "type": "patreon",
                "url": "https://www.patreon.com/quenty"
            }
        },
        "node_modules/@quenty/canceltoken": {
            "version": "6.7.0",
            "resolved": "https://registry.npmjs.org/@quenty/canceltoken/-/canceltoken-6.7.0.tgz",
            "integrity": "sha512-8X3Hnw5gcifOy4CfC+bBzvtdoqJ8jXB8m6PO9JReBFnNb9CX2Yv+To2RmYBHL3rjTv6a2VFr3qJRJH+NvqqJCw==",
            "dependencies": {
                "@quenty/loader": "^6.2.1",
                "@quenty/promise": "^6.6.0",
                "@quenty/signal": "^2.4.0"
            },
            "funding": {
                "type": "patreon",
                "url": "https://www.patreon.com/quenty"
            }
        },
        "node_modules/@quenty/deferred": {
            "version": "2.1.0",
            "resolved": "https://registry.npmjs.org/@quenty/deferred/-/deferred-2.1.0.tgz",
            "integrity": "sha512-8EAdnGtdCyDufQ1cA2Nlw6jtU+MS8PeiR4401tddJfOsZmP7SPq/yZ01r67Z7QEiQ1S/EBAHQE9kICkhwapVwA==",
            "funding": {
                "type": "patreon",
                "url": "https://www.patreon.com/quenty"
            }
        },
        "node_modules/@quenty/fzy": {
            "version": "1.4.1",
            "resolved": "https://registry.npmjs.org/@quenty/fzy/-/fzy-1.4.1.tgz",
            "integrity": "sha512-SzFR79N/zAau93kprsDAsfqs4XbXkSQDEGxFqVXdMCGAKjHiM7oXT4ZkZO51AnWUW4Tb6lJSNX87SOdtYet42A==",
            "dependencies": {
                "@quenty/loader": "^6.2.1"
            }
        },
        "node_modules/@quenty/httppromise": {
            "version": "6.7.0",
            "resolved": "https://registry.npmjs.org/@quenty/httppromise/-/httppromise-6.7.0.tgz",
            "integrity": "sha512-eXJhWAQhXjLJRd915A49cl+WaxaRvJxq7eqt9JdiU5QqTCf0COwHnjKLgIWrKCUs24JfBGP3u/nI5OQ+OH4zEg==",
            "dependencies": {
                "@quenty/loader": "^6.2.1",
                "@quenty/promise": "^6.6.0"
            },
            "funding": {
                "type": "patreon",
                "url": "https://www.patreon.com/quenty"
            }
        },
        "node_modules/@quenty/instanceutils": {
            "version": "7.17.0",
            "resolved": "https://registry.npmjs.org/@quenty/instanceutils/-/instanceutils-7.17.0.tgz",
            "integrity": "sha512-XBn+Ah1QwgdthxUHLFfA6LgzBP0m7ZKybVlvEAQZs8xQQzUKYjLbDkvqXf7FGosTJ5qDgneOC5Kd8m4A47wgMA==",
            "dependencies": {
                "@quenty/brio": "^8.15.0",
                "@quenty/loader": "^6.2.1",
                "@quenty/maid": "^2.5.0",
                "@quenty/rx": "^7.13.0",
                "@quenty/symbol": "^2.2.0"
            },
            "funding": {
                "type": "patreon",
                "url": "https://www.patreon.com/quenty"
            }
        },
        "node_modules/@quenty/loader": {
            "version": "6.2.1",
            "resolved": "https://registry.npmjs.org/@quenty/loader/-/loader-6.2.1.tgz",
            "integrity": "sha512-kNnICHT0r8lgj6G6ufgb3fDRxAdCTWVp3FJKFADvKAHkTL/QdDuv2eG9/7TFLdZgF7Sm0ZeCaf36/sYbi3HfOg==",
            "funding": {
                "type": "patreon",
                "url": "https://www.patreon.com/quenty"
            }
        },
        "node_modules/@quenty/maid": {
            "version": "2.5.0",
            "resolved": "https://registry.npmjs.org/@quenty/maid/-/maid-2.5.0.tgz",
            "integrity": "sha512-lMNa5M1YEUnsPSo4brnyAtv0UZHbdSF2z5FAekBMjQutMaV0hrYGOjTqUZX58hQWhDH5Gg8FxAT75pR+UeYqLw==",
            "funding": {
                "type": "patreon",
                "url": "https://www.patreon.com/quenty"
            }
        },
        "node_modules/@quenty/observablecollection": {
            "version": "5.20.0",
            "resolved": "https://registry.npmjs.org/@quenty/observablecollection/-/observablecollection-5.20.0.tgz",
            "integrity": "sha512-9SvnkkbBhAkIf57hj0YvRNamI3K3aoLcUBBHhz4fBD6OsyyQZzrlo37UFCyzLj6ECx9sFOX1oz3sr18KEhplYA==",
            "dependencies": {
                "@quenty/baseobject": "^6.2.1",
                "@quenty/brio": "^8.15.0",
                "@quenty/loader": "^6.2.1",
                "@quenty/maid": "^2.5.0",
                "@quenty/promise": "^6.6.0",
                "@quenty/rx": "^7.13.0",
                "@quenty/signal": "^2.4.0",
                "@quenty/symbol": "^2.2.0",
                "@quenty/valueobject": "^7.18.0"
            },
            "funding": {
                "type": "patreon",
                "url": "https://www.patreon.com/quenty"
            }
        },
        "node_modules/@quenty/promise": {
            "version": "6.6.0",
            "resolved": "https://registry.npmjs.org/@quenty/promise/-/promise-6.6.0.tgz",
            "integrity": "sha512-3Wj4qWdN2/su8CWGr1vIE1rX0NUuy6SEYat2reLJKf0C0Gu4k5InGQ2kGVI5mhMoiQM+ujdvwbcv0q36luLVJg==",
            "dependencies": {
                "@quenty/deferred": "^2.1.0",
                "@quenty/loader": "^6.2.1",
                "@quenty/maid": "^2.5.0"
            },
            "funding": {
                "type": "patreon",
                "url": "https://www.patreon.com/quenty"
            }
        },
        "node_modules/@quenty/roblox-api-dump": {
            "version": "4.7.0",
            "resolved": "https://registry.npmjs.org/@quenty/roblox-api-dump/-/roblox-api-dump-4.7.0.tgz",
            "integrity": "sha512-LEJkOWoBcXarXR5GfEkFpqL3g9GED6VEAstNQAl7fiMFgCUa3lwBBAIiBhxzZWkpUtq8gBWrcig0z9C8BFDJVg==",
            "dependencies": {
                "@quenty/baseobject": "^6.2.1",
                "@quenty/httppromise": "^6.7.0",
                "@quenty/loader": "^6.2.1",
                "@quenty/promise": "^6.6.0",
                "@quenty/table": "^3.2.0"
            },
            "funding": {
                "type": "patreon",
                "url": "https://www.patreon.com/quenty"
            }
        },
        "node_modules/@quenty/rx": {
            "version": "7.13.0",
            "resolved": "https://registry.npmjs.org/@quenty/rx/-/rx-7.13.0.tgz",
            "integrity": "sha512-RCW29UjLNt6VNyHbjBXGyEzMwDMy/Spa8xlwwdR5D50TtkeFY2gLPq27xMjva8YLcBLUaw3wz6dVhKPH1NCw8A==",
            "dependencies": {
                "@quenty/cancellabledelay": "^3.4.0",
                "@quenty/canceltoken": "^6.7.0",
                "@quenty/loader": "^6.2.1",
                "@quenty/maid": "^2.5.0",
                "@quenty/promise": "^6.6.0",
                "@quenty/signal": "^2.4.0",
                "@quenty/symbol": "^2.2.0",
                "@quenty/table": "^3.2.0",
                "@quenty/throttle": "^6.2.1"
            },
            "funding": {
                "type": "patreon",
                "url": "https://www.patreon.com/quenty"
            }
        },
        "node_modules/@quenty/rxsignal": {
            "version": "1.1.0",
            "resolved": "https://registry.npmjs.org/@quenty/rxsignal/-/rxsignal-1.1.0.tgz",
            "integrity": "sha512-Q+rx3pf6hqfTu6QsNoYNIaq9FklqdT+hWbV4q9Tn341e7xfouMPXjxz9jgXCgCaxxQnavDS2/kNjOcONx5Qaww==",
            "dependencies": {
                "@quenty/loader": "^6.2.1",
                "@quenty/rx": "^7.13.0"
            },
            "funding": {
                "type": "patreon",
                "url": "https://www.patreon.com/quenty"
            }
        },
        "node_modules/@quenty/servicebag": {
            "version": "6.8.0",
            "resolved": "https://registry.npmjs.org/@quenty/servicebag/-/servicebag-6.8.0.tgz",
            "integrity": "sha512-Ms5/weKIbjAOCzghH3gNeaXarAvssvvW/zCGoHG+ZuTPX482h5GpgURJCuvBPKwFCuHTuJ6XxQY8zcRqgHbKSg==",
            "dependencies": {
                "@quenty/baseobject": "^6.2.1",
                "@quenty/loader": "^6.2.1",
                "@quenty/signal": "^2.4.0"
            },
            "funding": {
                "type": "patreon",
                "url": "https://www.patreon.com/quenty"
            }
        },
        "node_modules/@quenty/signal": {
            "version": "2.4.0",
            "resolved": "https://registry.npmjs.org/@quenty/signal/-/signal-2.4.0.tgz",
            "integrity": "sha512-oPPPdqHUvrgCRz6iCFeywH3u+juu/PZJ+ty1wOvZx5gy//1ZG9zq3nms55t1uZcv7kkrb8jhIdqo9ziYoz2YPA==",
            "funding": {
                "type": "patreon",
                "url": "https://www.patreon.com/quenty"
            }
        },
        "node_modules/@quenty/spring": {
            "version": "6.3.0",
            "resolved": "https://registry.npmjs.org/@quenty/spring/-/spring-6.3.0.tgz",
            "integrity": "sha512-EwUXj+oF/8sAN5+ktl0EtPzXn6fjSqDhhnbT7St2YorThRSeuwlXnutqe2K6qPCyp3mH8Caq+QuoM3KuisD5sg==",
            "dependencies": {
                "@quenty/loader": "^6.2.1"
            },
            "funding": {
                "type": "patreon",
                "url": "https://www.patreon.com/quenty"
            }
        },
        "node_modules/@quenty/steputils": {
            "version": "3.2.0",
            "resolved": "https://registry.npmjs.org/@quenty/steputils/-/steputils-3.2.0.tgz",
            "integrity": "sha512-HtorpJP63CRoNutfXMIEY5+rA1s0m/fKYWcmRVuqxVj7vhPPxSCL1zsV4sZTZVFHIcVj7sfeeGx7GwvYpT5siQ==",
            "funding": {
                "type": "patreon",
                "url": "https://www.patreon.com/quenty"
            }
        },
        "node_modules/@quenty/string": {
            "version": "3.1.0",
            "resolved": "https://registry.npmjs.org/@quenty/string/-/string-3.1.0.tgz",
            "integrity": "sha512-KhRlGAUsZa0aYgzH4nwMIWAkNHolFu5YN+d+AnSRBdJA7ULzOaj9vChRE0QpdDLwE07dxVzjp14Vwefbil3QyA==",
            "funding": {
                "type": "patreon",
                "url": "https://www.patreon.com/quenty"
            }
        },
        "node_modules/@quenty/symbol": {
            "version": "2.2.0",
            "resolved": "https://registry.npmjs.org/@quenty/symbol/-/symbol-2.2.0.tgz",
            "integrity": "sha512-X7H0/gwo1Sg3d0XHBps29nJ55PN1VTtnhOtTWSe1gqNrqvQ4V7JTzMio3tkkbrmol4yX8EhZn2XUiUsRfmg5Lw==",
            "funding": {
                "type": "patreon",
                "url": "https://www.patreon.com/quenty"
            }
        },
        "node_modules/@quenty/table": {
            "version": "3.2.0",
            "resolved": "https://registry.npmjs.org/@quenty/table/-/table-3.2.0.tgz",
            "integrity": "sha512-C0MjRKXegDBnK6WX0YS0cCtIPhJOBhu78bg/6t5na7h5kuqsa0kO/zyEPsUKCbhdpX997+0PKxUaBC6gAK+vNQ==",
            "funding": {
                "type": "patreon",
                "url": "https://www.patreon.com/quenty"
            }
        },
        "node_modules/@quenty/throttle": {
            "version": "6.2.1",
            "resolved": "https://registry.npmjs.org/@quenty/throttle/-/throttle-6.2.1.tgz",
            "integrity": "sha512-WtTjTl9icaeDxXqA6hUrXSRfUZj7n4LMyn/VHW4g5kinZJrRDoOm8shqG+WLNOV3OAqg7OOlXtC7a3uKQBeRcQ==",
            "dependencies": {
                "@quenty/loader": "^6.2.1"
            },
            "funding": {
                "type": "patreon",
                "url": "https://www.patreon.com/quenty"
            }
        },
        "node_modules/@quenty/valuebaseutils": {
            "version": "7.17.0",
            "resolved": "https://registry.npmjs.org/@quenty/valuebaseutils/-/valuebaseutils-7.17.0.tgz",
            "integrity": "sha512-jR7eS5k7G/rEHnB8cZ9zOTAMf0TCtSHYuvSLqZyX3O4lrIFAOBN+b28xDMHsJEMtws3hqAsNyGzR4YLcS9Txrg==",
            "dependencies": {
                "@quenty/brio": "^8.15.0",
                "@quenty/instanceutils": "^7.17.0",
                "@quenty/loader": "^6.2.1",
                "@quenty/promise": "^6.6.0",
                "@quenty/rxsignal": "^1.1.0"
            },
            "funding": {
                "type": "patreon",
                "url": "https://www.patreon.com/quenty"
            }
        },
        "node_modules/@quenty/valueobject": {
            "version": "7.18.0",
            "resolved": "https://registry.npmjs.org/@quenty/valueobject/-/valueobject-7.18.0.tgz",
            "integrity": "sha512-MwlvfYrcjwUHexlTdNzkHb/m3XjMcbKnf5WL226gUkC0aTQGDvp6FZ8Fsca3OVHtOtOP/hFMLV27I+2ou5t8Hw==",
            "dependencies": {
                "@quenty/brio": "^8.15.0",
                "@quenty/loader": "^6.2.1",
                "@quenty/maid": "^2.5.0",
                "@quenty/rx": "^7.13.0",
                "@quenty/signal": "^2.4.0",
                "@quenty/valuebaseutils": "^7.17.0"
            },
            "funding": {
                "type": "patreon",
                "url": "https://www.patreon.com/quenty"
            }
        }
    }
}
